
Microsoft Visual Studio Solution File, Format Version 12.00
# Visual Studio 2013
VisualStudioVersion = 12.0.31101.0
MinimumVisualStudioVersion = 10.0.40219.1
Project("{FAE04EC0-301F-11D3-BF4B-00C04F79EFBC}") = "SlidePacerWPF", "SlidePacerWPF\SlidePacerWPF.csproj", "{545F25A5-A606-4FB0-A7BB-2DC513FCB3EC}"
EndProject
Global
	GlobalSection(SolutionConfigurationPlatforms) = preSolution
		Debug|Any CPU = Debug|Any CPU
		Release|Any CPU = Release|Any CPU
	EndGlobalSection
	GlobalSection(ProjectConfigurationPlatforms) = postSolution
		{545F25A5-A606-4FB0-A7BB-2DC513FCB3EC}.Debug|Any CPU.ActiveCfg = Debug|Any CPU
		{545F25A5-A606-4FB0-A7BB-2DC513FCB3EC}.Debug|Any CPU.Build.0 = Debug|Any CPU
		{545F25A5-A606-4FB0-A7BB-2DC513FCB3EC}.Release|Any CPU.ActiveCfg = Release|Any CPU
		{545F25A5-A606-4FB0-A7BB-2DC513FCB3EC}.Release|Any CPU.Build.0 = Release|Any CPU
	EndGlobalSection
	GlobalSection(SolutionProperties) = preSolution
		HideSolutionNode = FALSE
	EndGlobalSection
EndGlobal
